{
  "name": "lido-ssz-state-reference",
  "version": "file:../../private/tmp/lido-ssz-state-reference",
  "lockfileVersion": 3,
  "requires": true,
  "packages": {
    "": {
      "version": "0.0.0",
      "dependencies": {
        "@chainsafe/persistent-merkle-tree": "1.2.0",
        "@chainsafe/ssz": "1.2.1"
      }
    },
    "../../private/tmp/lido-ssz-state-reference/node_modules/@chainsafe/as-sha256": {
      "version": "1.2.0",
      "resolved": "https://registry.npmjs.org/@chainsafe/as-sha256/-/as-sha256-1.2.0.tgz",
      "integrity": "sha512-H2BNHQ5C3RS+H0ZvOdovK6GjFAyq5T6LClad8ivwj9Oaiy28uvdsGVS7gNJKuZmg0FGHAI+n7F0Qju6U0QkKDA==",
      "license": "Apache-2.0"
    },
    "../../private/tmp/lido-ssz-state-reference/node_modules/@chainsafe/hashtree": {
      "version": "1.0.1",
      "resolved": "https://registry.npmjs.org/@chainsafe/hashtree/-/hashtree-1.0.1.tgz",
      "integrity": "sha512-bleu9FjqBeR/l6W1u2Lz+HsS0b0LLJX2eUt3hOPBN7VqOhidx8wzkVh2S7YurS+iTQtfdK4K5QU9tcTGNrGwDg==",
      "license": "MIT",
      "engines": {
        "node": ">= 18"
      },
      "optionalDependencies": {
        "@chainsafe/hashtree-darwin-arm64": "1.0.1",
        "@chainsafe/hashtree-linux-arm64-gnu": "1.0.1",
        "@chainsafe/hashtree-linux-x64-gnu": "1.0.1"
      }
    },
    "../../private/tmp/lido-ssz-state-reference/node_modules/@chainsafe/hashtree-darwin-arm64": {
      "version": "1.0.1",
      "resolved": "https://registry.npmjs.org/@chainsafe/hashtree-darwin-arm64/-/hashtree-darwin-arm64-1.0.1.tgz",
      "integrity": "sha512-+KmEgQMpO7FDL3klAcpXbQ4DPZvfCe0qSaBBrtT4vLF8V1JGm3sp+j7oibtxtOsLKz7nJMiK1pZExi7vjXu8og==",
      "cpu": [
        "arm64"
      ],
      "license": "MIT",
      "optional": true,
      "os": [
        "darwin"
      ],
      "engines": {
        "node": ">= 10"
      }
    },
    "../../private/tmp/lido-ssz-state-reference/node_modules/@chainsafe/hashtree-linux-arm64-gnu": {
      "version": "1.0.1",
      "resolved": "https://registry.npmjs.org/@chainsafe/hashtree-linux-arm64-gnu/-/hashtree-linux-arm64-gnu-1.0.1.tgz",
      "integrity": "sha512-p1hnhGq2aFY+Zhdn1Q6L/6yLYNKjqXfn/Pc8jiM0e3+Lf/hB+yCdqYVu1pto26BrZjugCFZfupHaL4DjUTDttw==",
      "cpu": [
        "arm64"
      ],
      "libc": [
        "glibc"
      ],
      "license": "MIT",
      "optional": true,
      "os": [
        "linux"
      ],
      "engines": {
        "node": ">= 10"
      }
    },
    "../../private/tmp/lido-ssz-state-reference/node_modules/@chainsafe/hashtree-linux-x64-gnu": {
      "version": "1.0.1",
      "resolved": "https://registry.npmjs.org/@chainsafe/hashtree-linux-x64-gnu/-/hashtree-linux-x64-gnu-1.0.1.tgz",
      "integrity": "sha512-uCIGuUWuWV0LiB4KLMy6JFa7Jp6NmPl3hKF5BYWu8TzUBe7vSXMZfqTzGxXPggFYN2/0KymfRdG9iDCOJfGRqg==",
      "cpu": [
        "x64"
      ],
      "libc": [
        "glibc"
      ],
      "license": "MIT",
      "optional": true,
      "os": [
        "linux"
      ],
      "engines": {
        "node": ">= 10"
      }
    },
    "../../private/tmp/lido-ssz-state-reference/node_modules/@chainsafe/persistent-merkle-tree": {
      "version": "1.2.0",
      "resolved": "https://registry.npmjs.org/@chainsafe/persistent-merkle-tree/-/persistent-merkle-tree-1.2.0.tgz",
      "integrity": "sha512-Ng2eqd6OPvFPPuroQ659ZrFMHtc44LxUfK7K2WkoBhlQ3hrvIn3UTQNKc77xUCU40xjeBGSxAfz+MSV256i+/g==",
      "license": "Apache-2.0",
      "dependencies": {
        "@chainsafe/as-sha256": "1.2.0",
        "@chainsafe/hashtree": "1.0.1",
        "@noble/hashes": "^1.3.0"
      }
    },
    "../../private/tmp/lido-ssz-state-reference/node_modules/@chainsafe/ssz": {
      "version": "1.2.1",
      "resolved": "https://registry.npmjs.org/@chainsafe/ssz/-/ssz-1.2.1.tgz",
      "integrity": "sha512-rchrNF+tJ1yOMZS5CQK3bK5UZC1vQP8ANxW4McRedvBls5b9Mvn+LtbOE4wffrVMOxQzOXcBGZDoCPPJYX76Rg==",
      "license": "Apache-2.0",
      "dependencies": {
        "@chainsafe/as-sha256": "1.2.0",
        "@chainsafe/persistent-merkle-tree": "1.2.0"
      }
    },
    "../../private/tmp/lido-ssz-state-reference/node_modules/@noble/hashes": {
      "version": "1.8.0",
      "resolved": "https://registry.npmjs.org/@noble/hashes/-/hashes-1.8.0.tgz",
      "integrity": "sha512-jCs9ldd7NwzpgXDIf6P3+NrHh9/sD6CQdxHyjQI+h/6rDNo88ypBxxz45UDuZHz9r3tNz7N/VInSVoVdtXEI4A==",
      "license": "MIT",
      "engines": {
        "node": "^14.21.3 || >=16"
      },
      "funding": {
        "url": "https://paulmillr.com/funding/"
      }
    }
  }
}
